
Microsoft Visual Studio Solution File, Format Version 12.00
# Visual Studio Version 17
VisualStudioVersion = 17.8.34330.188
MinimumVisualStudioVersion = 10.0.40219.1
Project("{FAE04EC0-301F-11D3-BF4B-00C04F79EFBC}") = "FollowEntity", "FollowEntity.csproj", "{B34E0901-4123-484D-B80A-8652E9D70DBB}"
EndProject
Global
	GlobalSection(SolutionConfigurationPlatforms) = preSolution
		Debug|Any CPU = Debug|Any CPU
		Release|Any CPU = Release|Any CPU
	EndGlobalSection
	GlobalSection(ProjectConfigurationPlatforms) = postSolution
		{B34E0901-4123-484D-B80A-8652E9D70DBB}.Debug|Any CPU.ActiveCfg = Debug|Any CPU
		{B34E0901-4123-484D-B80A-8652E9D70DBB}.Debug|Any CPU.Build.0 = Debug|Any CPU
		{B34E0901-4123-484D-B80A-8652E9D70DBB}.Release|Any CPU.ActiveCfg = Release|Any CPU
		{B34E0901-4123-484D-B80A-8652E9D70DBB}.Release|Any CPU.Build.0 = Release|Any CPU
	EndGlobalSection
	GlobalSection(SolutionProperties) = preSolution
		HideSolutionNode = FALSE
	EndGlobalSection
	GlobalSection(ExtensibilityGlobals) = postSolution
		SolutionGuid = {6C8BFCBB-2197-499E-A580-35D0D5FDEED9}
	EndGlobalSection
EndGlobal
